
Microsoft Visual Studio Solution File, Format Version 12.00
# Visual Studio Version 16
VisualStudioVersion = 16.0.31402.337
MinimumVisualStudioVersion = 10.0.40219.1
Project("{9A19103F-16F7-4668-BE54-9A1E7A4F7556}") = "Audacia.Spreadsheets", "src\Audacia.Spreadsheets\Audacia.Spreadsheets.csproj", "{02840067-1EB1-4A7E-B3B1-BEE753F29F82}"
EndProject
Project("{9A19103F-16F7-4668-BE54-9A1E7A4F7556}") = "Audacia.Spreadsheets.Demo", "Samples\Audacia.Spreadsheets.Demo\Audacia.Spreadsheets.Demo.csproj", "{A97E8BDE-1D35-417C-AA10-10FA6F0EE053}"
EndProject
Project("{FAE04EC0-301F-11D3-BF4B-00C04F79EFBC}") = "Audacia.Spreadsheets.Tests", "Tests\Audacia.Spreadsheets.Tests\Audacia.Spreadsheets.Tests.csproj", "{CF2BF33F-2F4E-4036-AAFE-73D091FBBB3F}"
EndProject
Global
	GlobalSection(SolutionConfigurationPlatforms) = preSolution
		Debug|Any CPU = Debug|Any CPU
		Release|Any CPU = Release|Any CPU
	EndGlobalSection
	GlobalSection(ProjectConfigurationPlatforms) = postSolution
		{02840067-1EB1-4A7E-B3B1-BEE753F29F82}.Debug|Any CPU.ActiveCfg = Debug|Any CPU
		{02840067-1EB1-4A7E-B3B1-BEE753F29F82}.Debug|Any CPU.Build.0 = Debug|Any CPU
		{02840067-1EB1-4A7E-B3B1-BEE753F29F82}.Release|Any CPU.ActiveCfg = Release|Any CPU
		{02840067-1EB1-4A7E-B3B1-BEE753F29F82}.Release|Any CPU.Build.0 = Release|Any CPU
		{A97E8BDE-1D35-417C-AA10-10FA6F0EE053}.Debug|Any CPU.ActiveCfg = Debug|Any CPU
		{A97E8BDE-1D35-417C-AA10-10FA6F0EE053}.Debug|Any CPU.Build.0 = Debug|Any CPU
		{A97E8BDE-1D35-417C-AA10-10FA6F0EE053}.Release|Any CPU.ActiveCfg = Release|Any CPU
		{A97E8BDE-1D35-417C-AA10-10FA6F0EE053}.Release|Any CPU.Build.0 = Release|Any CPU
		{CF2BF33F-2F4E-4036-AAFE-73D091FBBB3F}.Debug|Any CPU.ActiveCfg = Debug|Any CPU
		{CF2BF33F-2F4E-4036-AAFE-73D091FBBB3F}.Debug|Any CPU.Build.0 = Debug|Any CPU
		{CF2BF33F-2F4E-4036-AAFE-73D091FBBB3F}.Release|Any CPU.ActiveCfg = Release|Any CPU
		{CF2BF33F-2F4E-4036-AAFE-73D091FBBB3F}.Release|Any CPU.Build.0 = Release|Any CPU
	EndGlobalSection
	GlobalSection(SolutionProperties) = preSolution
		HideSolutionNode = FALSE
	EndGlobalSection
	GlobalSection(ExtensibilityGlobals) = postSolution
		SolutionGuid = {88F34279-B6A0-45E0-8E66-828A95232BA3}
	EndGlobalSection
EndGlobal
